
Microsoft Visual Studio Solution File, Format Version 12.00
# Visual Studio Version 16
VisualStudioVersion = 16.0.29411.108
MinimumVisualStudioVersion = 10.0.40219.1
Project("{9A19103F-16F7-4668-BE54-9A1E7A4F7556}") = "WebApp", "WebApp.csproj", "{C2E2D084-70F2-4C67-BE1A-7F0DA148DF51}"
EndProject
Project("{9A19103F-16F7-4668-BE54-9A1E7A4F7556}") = "Ocph.DAL.Mysql.31", "..\..\..\..\..\repos\Ocph23\Repos\github\DAL\OcphDalMysql\Ocph.DAL.MySql\Ocph.DAL.Mysql.31\Ocph.DAL.Mysql.31.csproj", "{7CE615FD-C95E-436D-A5A1-8E3CB03BA9D3}"
EndProject
Global
	GlobalSection(SolutionConfigurationPlatforms) = preSolution
		Debug|Any CPU = Debug|Any CPU
		Release|Any CPU = Release|Any CPU
	EndGlobalSection
	GlobalSection(ProjectConfigurationPlatforms) = postSolution
		{C2E2D084-70F2-4C67-BE1A-7F0DA148DF51}.Debug|Any CPU.ActiveCfg = Debug|Any CPU
		{C2E2D084-70F2-4C67-BE1A-7F0DA148DF51}.Debug|Any CPU.Build.0 = Debug|Any CPU
		{C2E2D084-70F2-4C67-BE1A-7F0DA148DF51}.Release|Any CPU.ActiveCfg = Release|Any CPU
		{C2E2D084-70F2-4C67-BE1A-7F0DA148DF51}.Release|Any CPU.Build.0 = Release|Any CPU
		{7CE615FD-C95E-436D-A5A1-8E3CB03BA9D3}.Debug|Any CPU.ActiveCfg = Debug|Any CPU
		{7CE615FD-C95E-436D-A5A1-8E3CB03BA9D3}.Debug|Any CPU.Build.0 = Debug|Any CPU
		{7CE615FD-C95E-436D-A5A1-8E3CB03BA9D3}.Release|Any CPU.ActiveCfg = Release|Any CPU
		{7CE615FD-C95E-436D-A5A1-8E3CB03BA9D3}.Release|Any CPU.Build.0 = Release|Any CPU
	EndGlobalSection
	GlobalSection(SolutionProperties) = preSolution
		HideSolutionNode = FALSE
	EndGlobalSection
	GlobalSection(ExtensibilityGlobals) = postSolution
		SolutionGuid = {98BDFAC3-F115-49BF-A517-6FAB21E22DA8}
	EndGlobalSection
EndGlobal
